// !$*UTF8*$!
{
	archiveVersion = 1;
	classes = {
	};
	objectVersion = 50;
	objects = {

/* Begin PBXBuildFile section */
		7E6A5FA9229294E00098F056 /* LocationManager.swift in Sources */ = {isa = PBXBuildFile; fileRef = 7E6A5FA8229294E00098F056 /* LocationManager.swift */; };
		7E6A5FAB229294E80098F056 /* rcpToVashi.gpx in Resources */ = {isa = PBXBuildFile; fileRef = 7E6A5FAA229294E80098F056 /* rcpToVashi.gpx */; };
		7E6A5FB22292B6560098F056 /* Model.xcdatamodeld in Sources */ = {isa = PBXBuildFile; fileRef = 7E6A5FB02292B6560098F056 /* Model.xcdatamodeld */; };
		7E6A5FC82293C75D0098F056 /* PPerson+CoreDataClass.swift in Sources */ = {isa = PBXBuildFile; fileRef = 7E6A5FC62293C75D0098F056 /* PPerson+CoreDataClass.swift */; };
		7E6A5FC92293C75D0098F056 /* PPerson+CoreDataProperties.swift in Sources */ = {isa = PBXBuildFile; fileRef = 7E6A5FC72293C75D0098F056 /* PPerson+CoreDataProperties.swift */; };
		7E6A5FDA2293E4400098F056 /* Card+CoreDataClass.swift in Sources */ = {isa = PBXBuildFile; fileRef = 7E6A5FD82293E4400098F056 /* Card+CoreDataClass.swift */; };
		7E6A5FE72293FC570098F056 /* Card+CoreDataProperties.swift in Sources */ = {isa = PBXBuildFile; fileRef = 7E6A5FE62293FC570098F056 /* Card+CoreDataProperties.swift */; };
		B79C382121C936F900E08403 /* AppDelegate.swift in Sources */ = {isa = PBXBuildFile; fileRef = B79C382021C936F900E08403 /* AppDelegate.swift */; };
		B79C382321C936F900E08403 /* ViewController.swift in Sources */ = {isa = PBXBuildFile; fileRef = B79C382221C936F900E08403 /* ViewController.swift */; };
		B79C382621C936F900E08403 /* Main.storyboard in Resources */ = {isa = PBXBuildFile; fileRef = B79C382421C936F900E08403 /* Main.storyboard */; };
		B79C382B21C936F900E08403 /* Assets.xcassets in Resources */ = {isa = PBXBuildFile; fileRef = B79C382A21C936F900E08403 /* Assets.xcassets */; };
		B79C382E21C936F900E08403 /* LaunchScreen.storyboard in Resources */ = {isa = PBXBuildFile; fileRef = B79C382C21C936F900E08403 /* LaunchScreen.storyboard */; };
		B79C383621C9388C00E08403 /* PresistanceService.swift in Sources */ = {isa = PBXBuildFile; fileRef = B79C383521C9388C00E08403 /* PresistanceService.swift */; };
/* End PBXBuildFile section */

/* Begin PBXFileReference section */
		7E6A5FA8229294E00098F056 /* LocationManager.swift */ = {isa = PBXFileReference; fileEncoding = 4; lastKnownFileType = sourcecode.swift; name = LocationManager.swift; path = CoreDataLearning/LocationManager.swift; sourceTree = "<group>"; };
		7E6A5FAA229294E80098F056 /* rcpToVashi.gpx */ = {isa = PBXFileReference; fileEncoding = 4; lastKnownFileType = text.xml; path = rcpToVashi.gpx; sourceTree = "<group>"; };
		7E6A5FB12292B6560098F056 /* Model.xcdatamodel */ = {isa = PBXFileReference; lastKnownFileType = wrapper.xcdatamodel; path = Model.xcdatamodel; sourceTree = "<group>"; };
		7E6A5FC62293C75D0098F056 /* PPerson+CoreDataClass.swift */ = {isa = PBXFileReference; lastKnownFileType = sourcecode.swift; path = "PPerson+CoreDataClass.swift"; sourceTree = "<group>"; };
		7E6A5FC72293C75D0098F056 /* PPerson+CoreDataProperties.swift */ = {isa = PBXFileReference; lastKnownFileType = sourcecode.swift; path = "PPerson+CoreDataProperties.swift"; sourceTree = "<group>"; };
		7E6A5FD82293E4400098F056 /* Card+CoreDataClass.swift */ = {isa = PBXFileReference; lastKnownFileType = sourcecode.swift; path = "Card+CoreDataClass.swift"; sourceTree = "<group>"; };
		7E6A5FE62293FC570098F056 /* Card+CoreDataProperties.swift */ = {isa = PBXFileReference; lastKnownFileType = sourcecode.swift; path = "Card+CoreDataProperties.swift"; sourceTree = "<group>"; };
		B79C381D21C936F900E08403 /* CoreDataLearning.app */ = {isa = PBXFileReference; explicitFileType = wrapper.application; includeInIndex = 0; path = CoreDataLearning.app; sourceTree = BUILT_PRODUCTS_DIR; };
		B79C382021C936F900E08403 /* AppDelegate.swift */ = {isa = PBXFileReference; lastKnownFileType = sourcecode.swift; path = AppDelegate.swift; sourceTree = "<group>"; };
		B79C382221C936F900E08403 /* ViewController.swift */ = {isa = PBXFileReference; lastKnownFileType = sourcecode.swift; path = ViewController.swift; sourceTree = "<group>"; };
		B79C382521C936F900E08403 /* Base */ = {isa = PBXFileReference; lastKnownFileType = file.storyboard; name = Base; path = Base.lproj/Main.storyboard; sourceTree = "<group>"; };
		B79C382A21C936F900E08403 /* Assets.xcassets */ = {isa = PBXFileReference; lastKnownFileType = folder.assetcatalog; path = Assets.xcassets; sourceTree = "<group>"; };
		B79C382D21C936F900E08403 /* Base */ = {isa = PBXFileReference; lastKnownFileType = file.storyboard; name = Base; path = Base.lproj/LaunchScreen.storyboard; sourceTree = "<group>"; };
		B79C382F21C936F900E08403 /* Info.plist */ = {isa = PBXFileReference; lastKnownFileType = text.plist.xml; path = Info.plist; sourceTree = "<group>"; };
		B79C383521C9388C00E08403 /* PresistanceService.swift */ = {isa = PBXFileReference; lastKnownFileType = sourcecode.swift; path = PresistanceService.swift; sourceTree = "<group>"; };
/* End PBXFileReference section */

/* Begin PBXFrameworksBuildPhase section */
		B79C381A21C936F900E08403 /* Frameworks */ = {
			isa = PBXFrameworksBuildPhase;
			buildActionMask = 2147483647;
			files = (
			);
			runOnlyForDeploymentPostprocessing = 0;
		};
/* End PBXFrameworksBuildPhase section */

/* Begin PBXGroup section */
		B79C381421C936F800E08403 = {
			isa = PBXGroup;
			children = (
				7E6A5FAA229294E80098F056 /* rcpToVashi.gpx */,
				7E6A5FA8229294E00098F056 /* LocationManager.swift */,
				B79C381F21C936F900E08403 /* CoreDataLearning */,
				B79C381E21C936F900E08403 /* Products */,
			);
			sourceTree = "<group>";
		};
		B79C381E21C936F900E08403 /* Products */ = {
			isa = PBXGroup;
			children = (
				B79C381D21C936F900E08403 /* CoreDataLearning.app */,
			);
			name = Products;
			sourceTree = "<group>";
		};
		B79C381F21C936F900E08403 /* CoreDataLearning */ = {
			isa = PBXGroup;
			children = (
				7E6A5FD82293E4400098F056 /* Card+CoreDataClass.swift */,
				7E6A5FE62293FC570098F056 /* Card+CoreDataProperties.swift */,
				7E6A5FC62293C75D0098F056 /* PPerson+CoreDataClass.swift */,
				7E6A5FC72293C75D0098F056 /* PPerson+CoreDataProperties.swift */,
				B79C382021C936F900E08403 /* AppDelegate.swift */,
				B79C383521C9388C00E08403 /* PresistanceService.swift */,
				B79C382221C936F900E08403 /* ViewController.swift */,
				B79C382421C936F900E08403 /* Main.storyboard */,
				B79C382A21C936F900E08403 /* Assets.xcassets */,
				B79C382C21C936F900E08403 /* LaunchScreen.storyboard */,
				B79C382F21C936F900E08403 /* Info.plist */,
				7E6A5FB02292B6560098F056 /* Model.xcdatamodeld */,
			);
			path = CoreDataLearning;
			sourceTree = "<group>";
		};
/* End PBXGroup section */

/* Begin PBXNativeTarget section */
		B79C381C21C936F900E08403 /* CoreDataLearning */ = {
			isa = PBXNativeTarget;
			buildConfigurationList = B79C383221C936F900E08403 /* Build configuration list for PBXNativeTarget "CoreDataLearning" */;
			buildPhases = (
				B79C381921C936F900E08403 /* Sources */,
				B79C381A21C936F900E08403 /* Frameworks */,
				B79C381B21C936F900E08403 /* Resources */,
			);
			buildRules = (
			);
			dependencies = (
			);
			name = CoreDataLearning;
			productName = CoreDataLearning;
			productReference = B79C381D21C936F900E08403 /* CoreDataLearning.app */;
			productType = "com.apple.product-type.application";
		};
/* End PBXNativeTarget section */

/* Begin PBXProject section */
		B79C381521C936F800E08403 /* Project object */ = {
			isa = PBXProject;
			attributes = {
				LastSwiftUpdateCheck = 1010;
				LastUpgradeCheck = 1010;
				ORGANIZATIONNAME = rahul;
				TargetAttributes = {
					B79C381C21C936F900E08403 = {
						CreatedOnToolsVersion = 10.1;
						SystemCapabilities = {
							com.apple.BackgroundModes = {
								enabled = 1;
							};
						};
					};
				};
			};
			buildConfigurationList = B79C381821C936F800E08403 /* Build configuration list for PBXProject "CoreDataLearning" */;
			compatibilityVersion = "Xcode 9.3";
			developmentRegion = en;
			hasScannedForEncodings = 0;
			knownRegions = (
				en,
				Base,
			);
			mainGroup = B79C381421C936F800E08403;
			productRefGroup = B79C381E21C936F900E08403 /* Products */;
			projectDirPath = "";
			projectRoot = "";
			targets = (
				B79C381C21C936F900E08403 /* CoreDataLearning */,
			);
		};
/* End PBXProject section */

/* Begin PBXResourcesBuildPhase section */
		B79C381B21C936F900E08403 /* Resources */ = {
			isa = PBXResourcesBuildPhase;
			buildActionMask = 2147483647;
			files = (
				B79C382E21C936F900E08403 /* LaunchScreen.storyboard in Resources */,
				B79C382B21C936F900E08403 /* Assets.xcassets in Resources */,
				7E6A5FAB229294E80098F056 /* rcpToVashi.gpx in Resources */,
				B79C382621C936F900E08403 /* Main.storyboard in Resources */,
			);
			runOnlyForDeploymentPostprocessing = 0;
		};
/* End PBXResourcesBuildPhase section */

/* Begin PBXSourcesBuildPhase section */
		B79C381921C936F900E08403 /* Sources */ = {
			isa = PBXSourcesBuildPhase;
			buildActionMask = 2147483647;
			files = (
				B79C382321C936F900E08403 /* ViewController.swift in Sources */,
				7E6A5FDA2293E4400098F056 /* Card+CoreDataClass.swift in Sources */,
				7E6A5FC82293C75D0098F056 /* PPerson+CoreDataClass.swift in Sources */,
				B79C383621C9388C00E08403 /* PresistanceService.swift in Sources */,
				7E6A5FC92293C75D0098F056 /* PPerson+CoreDataProperties.swift in Sources */,
				7E6A5FB22292B6560098F056 /* Model.xcdatamodeld in Sources */,
				7E6A5FE72293FC570098F056 /* Card+CoreDataProperties.swift in Sources */,
				7E6A5FA9229294E00098F056 /* LocationManager.swift in Sources */,
				B79C382121C936F900E08403 /* AppDelegate.swift in Sources */,
			);
			runOnlyForDeploymentPostprocessing = 0;
		};
/* End PBXSourcesBuildPhase section */

/* Begin PBXVariantGroup section */
		B79C382421C936F900E08403 /* Main.storyboard */ = {
			isa = PBXVariantGroup;
			children = (
				B79C382521C936F900E08403 /* Base */,
			);
			name = Main.storyboard;
			sourceTree = "<group>";
		};
		B79C382C21C936F900E08403 /* LaunchScreen.storyboard */ = {
			isa = PBXVariantGroup;
			children = (
				B79C382D21C936F900E08403 /* Base */,
			);
			name = LaunchScreen.storyboard;
			sourceTree = "<group>";
		};
/* End PBXVariantGroup section */

/* Begin XCBuildConfiguration section */
		B79C383021C936F900E08403 /* Debug */ = {
			isa = XCBuildConfiguration;
			buildSettings = {
				ALWAYS_SEARCH_USER_PATHS = NO;
				CLANG_ANALYZER_NONNULL = YES;
				CLANG_ANALYZER_NUMBER_OBJECT_CONVERSION = YES_AGGRESSIVE;
				CLANG_CXX_LANGUAGE_STANDARD = "gnu++14";
				CLANG_CXX_LIBRARY = "libc++";
				CLANG_ENABLE_MODULES = YES;
				CLANG_ENABLE_OBJC_ARC = YES;
				CLANG_ENABLE_OBJC_WEAK = YES;
				CLANG_WARN_BLOCK_CAPTURE_AUTORELEASING = YES;
				CLANG_WARN_BOOL_CONVERSION = YES;
				CLANG_WARN_COMMA = YES;
				CLANG_WARN_CONSTANT_CONVERSION = YES;
				CLANG_WARN_DEPRECATED_OBJC_IMPLEMENTATIONS = YES;
				CLANG_WARN_DIRECT_OBJC_ISA_USAGE = YES_ERROR;
				CLANG_WARN_DOCUMENTATION_COMMENTS = YES;
				CLANG_WARN_EMPTY_BODY = YES;
				CLANG_WARN_ENUM_CONVERSION = YES;
				CLANG_WARN_INFINITE_RECURSION = YES;
				CLANG_WARN_INT_CONVERSION = YES;
				CLANG_WARN_NON_LITERAL_NULL_CONVERSION = YES;
				CLANG_WARN_OBJC_IMPLICIT_RETAIN_SELF = YES;
				CLANG_WARN_OBJC_LITERAL_CONVERSION = YES;
				CLANG_WARN_OBJC_ROOT_CLASS = YES_ERROR;
				CLANG_WARN_RANGE_LOOP_ANALYSIS = YES;
				CLANG_WARN_STRICT_PROTOTYPES = YES;
				CLANG_WARN_SUSPICIOUS_MOVE = YES;
				CLANG_WARN_UNGUARDED_AVAILABILITY = YES_AGGRESSIVE;
				CLANG_WARN_UNREACHABLE_CODE = YES;
				CLANG_WARN__DUPLICATE_METHOD_MATCH = YES;
				CODE_SIGN_IDENTITY = "iPhone Developer";
				COPY_PHASE_STRIP = NO;
				DEBUG_INFORMATION_FORMAT = dwarf;
				ENABLE_STRICT_OBJC_MSGSEND = YES;
				ENABLE_TESTABILITY = YES;
				GCC_C_LANGUAGE_STANDARD = gnu11;
				GCC_DYNAMIC_NO_PIC = NO;
				GCC_NO_COMMON_BLOCKS = YES;
				GCC_OPTIMIZATION_LEVEL = 0;
				GCC_PREPROCESSOR_DEFINITIONS = (
					"DEBUG=1",
					"$(inherited)",
				);
				GCC_WARN_64_TO_32_BIT_CONVERSION = YES;
				GCC_WARN_ABOUT_RETURN_TYPE = YES_ERROR;
				GCC_WARN_UNDECLARED_SELECTOR = YES;
				GCC_WARN_UNINITIALIZED_AUTOS = YES_AGGRESSIVE;
				GCC_WARN_UNUSED_FUNCTION = YES;
				GCC_WARN_UNUSED_VARIABLE = YES;
				IPHONEOS_DEPLOYMENT_TARGET = 12.1;
				MTL_ENABLE_DEBUG_INFO = INCLUDE_SOURCE;
				MTL_FAST_MATH = YES;
				ONLY_ACTIVE_ARCH = YES;
				SDKROOT = iphoneos;
				SWIFT_ACTIVE_COMPILATION_CONDITIONS = DEBUG;
				SWIFT_OPTIMIZATION_LEVEL = "-Onone";
			};
			name = Debug;
		};
		B79C383121C936F900E08403 /* Release */ = {
			isa = XCBuildConfiguration;
			buildSettings = {
				ALWAYS_SEARCH_USER_PATHS = NO;
				CLANG_ANALYZER_NONNULL = YES;
				CLANG_ANALYZER_NUMBER_OBJECT_CONVERSION = YES_AGGRESSIVE;
				CLANG_CXX_LANGUAGE_STANDARD = "gnu++14";
				CLANG_CXX_LIBRARY = "libc++";
				CLANG_ENABLE_MODULES = YES;
				CLANG_ENABLE_OBJC_ARC = YES;
				CLANG_ENABLE_OBJC_WEAK = YES;
				CLANG_WARN_BLOCK_CAPTURE_AUTORELEASING = YES;
				CLANG_WARN_BOOL_CONVERSION = YES;
				CLANG_WARN_COMMA = YES;
				CLANG_WARN_CONSTANT_CONVERSION = YES;
				CLANG_WARN_DEPRECATED_OBJC_IMPLEMENTATIONS = YES;
				CLANG_WARN_DIRECT_OBJC_ISA_USAGE = YES_ERROR;
				CLANG_WARN_DOCUMENTATION_COMMENTS = YES;
				CLANG_WARN_EMPTY_BODY = YES;
				CLANG_WARN_ENUM_CONVERSION = YES;
				CLANG_WARN_INFINITE_RECURSION = YES;
				CLANG_WARN_INT_CONVERSION = YES;
				CLANG_WARN_NON_LITERAL_NULL_CONVERSION = YES;
				CLANG_WARN_OBJC_IMPLICIT_RETAIN_SELF = YES;
				CLANG_WARN_OBJC_LITERAL_CONVERSION = YES;
				CLANG_WARN_OBJC_ROOT_CLASS = YES_ERROR;
				CLANG_WARN_RANGE_LOOP_ANALYSIS = YES;
				CLANG_WARN_STRICT_PROTOTYPES = YES;
				CLANG_WARN_SUSPICIOUS_MOVE = YES;
				CLANG_WARN_UNGUARDED_AVAILABILITY = YES_AGGRESSIVE;
				CLANG_WARN_UNREACHABLE_CODE = YES;
				CLANG_WARN__DUPLICATE_METHOD_MATCH = YES;
				CODE_SIGN_IDENTITY = "iPhone Developer";
				COPY_PHASE_STRIP = NO;
				DEBUG_INFORMATION_FORMAT = "dwarf-with-dsym";
				ENABLE_NS_ASSERTIONS = NO;
				ENABLE_STRICT_OBJC_MSGSEND = YES;
				GCC_C_LANGUAGE_STANDARD = gnu11;
				GCC_NO_COMMON_BLOCKS = YES;
				GCC_WARN_64_TO_32_BIT_CONVERSION = YES;
				GCC_WARN_ABOUT_RETURN_TYPE = YES_ERROR;
				GCC_WARN_UNDECLARED_SELECTOR = YES;
				GCC_WARN_UNINITIALIZED_AUTOS = YES_AGGRESSIVE;
				GCC_WARN_UNUSED_FUNCTION = YES;
				GCC_WARN_UNUSED_VARIABLE = YES;
				IPHONEOS_DEPLOYMENT_TARGET = 12.1;
				MTL_ENABLE_DEBUG_INFO = NO;
				MTL_FAST_MATH = YES;
				SDKROOT = iphoneos;
				SWIFT_COMPILATION_MODE = wholemodule;
				SWIFT_OPTIMIZATION_LEVEL = "-O";
				VALIDATE_PRODUCT = YES;
			};
			name = Release;
		};
		B79C383321C936F900E08403 /* Debug */ = {
			isa = XCBuildConfiguration;
			buildSettings = {
				ASSETCATALOG_COMPILER_APPICON_NAME = AppIcon;
				CODE_SIGN_STYLE = Automatic;
				DEVELOPMENT_TEAM = 2KAL3NND99;
				INFOPLIST_FILE = CoreDataLearning/Info.plist;
				LD_RUNPATH_SEARCH_PATHS = (
					"$(inherited)",
					"@executable_path/Frameworks",
				);
				PRODUCT_BUNDLE_IDENTIFIER = com.a1distribute.CoreDataLearning;
				PRODUCT_NAME = "$(TARGET_NAME)";
				SWIFT_VERSION = 4.2;
				TARGETED_DEVICE_FAMILY = "1,2";
			};
			name = Debug;
		};
		B79C383421C936F900E08403 /* Release */ = {
			isa = XCBuildConfiguration;
			buildSettings = {
				ASSETCATALOG_COMPILER_APPICON_NAME = AppIcon;
				CODE_SIGN_STYLE = Automatic;
				DEVELOPMENT_TEAM = 2KAL3NND99;
				INFOPLIST_FILE = CoreDataLearning/Info.plist;
				LD_RUNPATH_SEARCH_PATHS = (
					"$(inherited)",
					"@executable_path/Frameworks",
				);
				PRODUCT_BUNDLE_IDENTIFIER = com.a1distribute.CoreDataLearning;
				PRODUCT_NAME = "$(TARGET_NAME)";
				SWIFT_VERSION = 4.2;
				TARGETED_DEVICE_FAMILY = "1,2";
			};
			name = Release;
		};
/* End XCBuildConfiguration section */

/* Begin XCConfigurationList section */
		B79C381821C936F800E08403 /* Build configuration list for PBXProject "CoreDataLearning" */ = {
			isa = XCConfigurationList;
			buildConfigurations = (
				B79C383021C936F900E08403 /* Debug */,
				B79C383121C936F900E08403 /* Release */,
			);
			defaultConfigurationIsVisible = 0;
			defaultConfigurationName = Release;
		};
		B79C383221C936F900E08403 /* Build configuration list for PBXNativeTarget "CoreDataLearning" */ = {
			isa = XCConfigurationList;
			buildConfigurations = (
				B79C383321C936F900E08403 /* Debug */,
				B79C383421C936F900E08403 /* Release */,
			);
			defaultConfigurationIsVisible = 0;
			defaultConfigurationName = Release;
		};
/* End XCConfigurationList section */

/* Begin XCVersionGroup section */
		7E6A5FB02292B6560098F056 /* Model.xcdatamodeld */ = {
			isa = XCVersionGroup;
			children = (
				7E6A5FB12292B6560098F056 /* Model.xcdatamodel */,
			);
			currentVersion = 7E6A5FB12292B6560098F056 /* Model.xcdatamodel */;
			path = Model.xcdatamodeld;
			sourceTree = "<group>";
			versionGroupType = wrapper.xcdatamodel;
		};
/* End XCVersionGroup section */
	};
	rootObject = B79C381521C936F800E08403 /* Project object */;
}
